// !$*UTF8*$!
{
	archiveVersion = 1;
	classes = {
	};
	objectVersion = 50;
	objects = {

/* Begin PBXBuildFile section */
		3C6E59B324F3A2780017ABBD /* AppDelegate.swift in Sources */ = {isa = PBXBuildFile; fileRef = 3C6E59B224F3A2780017ABBD /* AppDelegate.swift */; };
		3C6E59B524F3A2780017ABBD /* SceneDelegate.swift in Sources */ = {isa = PBXBuildFile; fileRef = 3C6E59B424F3A2780017ABBD /* SceneDelegate.swift */; };
		3C6E59B724F3A2780017ABBD /* ViewController.swift in Sources */ = {isa = PBXBuildFile; fileRef = 3C6E59B624F3A2780017ABBD /* ViewController.swift */; };
		3C6E59BA24F3A2780017ABBD /* Main.storyboard in Resources */ = {isa = PBXBuildFile; fileRef = 3C6E59B824F3A2780017ABBD /* Main.storyboard */; };
		3C6E59BC24F3A27A0017ABBD /* Assets.xcassets in Resources */ = {isa = PBXBuildFile; fileRef = 3C6E59BB24F3A27A0017ABBD /* Assets.xcassets */; };
		3C6E59BF24F3A27A0017ABBD /* LaunchScreen.storyboard in Resources */ = {isa = PBXBuildFile; fileRef = 3C6E59BD24F3A27A0017ABBD /* LaunchScreen.storyboard */; };
		3CCFA3CB24F3AA3C00D86A33 /* FriendCollectionViewCell.swift in Sources */ = {isa = PBXBuildFile; fileRef = 3CCFA3CA24F3AA3C00D86A33 /* FriendCollectionViewCell.swift */; };
		3CCFA3CD24F3AB1500D86A33 /* Friend.swift in Sources */ = {isa = PBXBuildFile; fileRef = 3CCFA3CC24F3AB1500D86A33 /* Friend.swift */; };
/* End PBXBuildFile section */

/* Begin PBXFileReference section */
		3C6E59AF24F3A2780017ABBD /* FriendsCollection.app */ = {isa = PBXFileReference; explicitFileType = wrapper.application; includeInIndex = 0; path = FriendsCollection.app; sourceTree = BUILT_PRODUCTS_DIR; };
		3C6E59B224F3A2780017ABBD /* AppDelegate.swift */ = {isa = PBXFileReference; lastKnownFileType = sourcecode.swift; path = AppDelegate.swift; sourceTree = "<group>"; };
		3C6E59B424F3A2780017ABBD /* SceneDelegate.swift */ = {isa = PBXFileReference; lastKnownFileType = sourcecode.swift; path = SceneDelegate.swift; sourceTree = "<group>"; };
		3C6E59B624F3A2780017ABBD /* ViewController.swift */ = {isa = PBXFileReference; lastKnownFileType = sourcecode.swift; path = ViewController.swift; sourceTree = "<group>"; };
		3C6E59B924F3A2780017ABBD /* Base */ = {isa = PBXFileReference; lastKnownFileType = file.storyboard; name = Base; path = Base.lproj/Main.storyboard; sourceTree = "<group>"; };
		3C6E59BB24F3A27A0017ABBD /* Assets.xcassets */ = {isa = PBXFileReference; lastKnownFileType = folder.assetcatalog; path = Assets.xcassets; sourceTree = "<group>"; };
		3C6E59BE24F3A27A0017ABBD /* Base */ = {isa = PBXFileReference; lastKnownFileType = file.storyboard; name = Base; path = Base.lproj/LaunchScreen.storyboard; sourceTree = "<group>"; };
		3C6E59C024F3A27A0017ABBD /* Info.plist */ = {isa = PBXFileReference; lastKnownFileType = text.plist.xml; path = Info.plist; sourceTree = "<group>"; };
		3CCFA3CA24F3AA3C00D86A33 /* FriendCollectionViewCell.swift */ = {isa = PBXFileReference; lastKnownFileType = sourcecode.swift; path = FriendCollectionViewCell.swift; sourceTree = "<group>"; };
		3CCFA3CC24F3AB1500D86A33 /* Friend.swift */ = {isa = PBXFileReference; fileEncoding = 4; lastKnownFileType = sourcecode.swift; name = Friend.swift; path = ../../MyFriends/MyFriends/Friend.swift; sourceTree = "<group>"; };
/* End PBXFileReference section */

/* Begin PBXFrameworksBuildPhase section */
		3C6E59AC24F3A2780017ABBD /* Frameworks */ = {
			isa = PBXFrameworksBuildPhase;
			buildActionMask = 2147483647;
			files = (
			);
			runOnlyForDeploymentPostprocessing = 0;
		};
/* End PBXFrameworksBuildPhase section */

/* Begin PBXGroup section */
		3C6E59A624F3A2780017ABBD = {
			isa = PBXGroup;
			children = (
				3C6E59B124F3A2780017ABBD /* FriendsCollection */,
				3C6E59B024F3A2780017ABBD /* Products */,
			);
			sourceTree = "<group>";
		};
		3C6E59B024F3A2780017ABBD /* Products */ = {
			isa = PBXGroup;
			children = (
				3C6E59AF24F3A2780017ABBD /* FriendsCollection.app */,
			);
			name = Products;
			sourceTree = "<group>";
		};
		3C6E59B124F3A2780017ABBD /* FriendsCollection */ = {
			isa = PBXGroup;
			children = (
				3CCFA3CC24F3AB1500D86A33 /* Friend.swift */,
				3C6E59B224F3A2780017ABBD /* AppDelegate.swift */,
				3C6E59B424F3A2780017ABBD /* SceneDelegate.swift */,
				3C6E59B624F3A2780017ABBD /* ViewController.swift */,
				3C6E59B824F3A2780017ABBD /* Main.storyboard */,
				3CCFA3CA24F3AA3C00D86A33 /* FriendCollectionViewCell.swift */,
				3C6E59BB24F3A27A0017ABBD /* Assets.xcassets */,
				3C6E59BD24F3A27A0017ABBD /* LaunchScreen.storyboard */,
				3C6E59C024F3A27A0017ABBD /* Info.plist */,
			);
			path = FriendsCollection;
			sourceTree = "<group>";
		};
/* End PBXGroup section */

/* Begin PBXNativeTarget section */
		3C6E59AE24F3A2780017ABBD /* FriendsCollection */ = {
			isa = PBXNativeTarget;
			buildConfigurationList = 3C6E59C324F3A27A0017ABBD /* Build configuration list for PBXNativeTarget "FriendsCollection" */;
			buildPhases = (
				3C6E59AB24F3A2780017ABBD /* Sources */,
				3C6E59AC24F3A2780017ABBD /* Frameworks */,
				3C6E59AD24F3A2780017ABBD /* Resources */,
			);
			buildRules = (
			);
			dependencies = (
			);
			name = FriendsCollection;
			productName = FriendsCollection;
			productReference = 3C6E59AF24F3A2780017ABBD /* FriendsCollection.app */;
			productType = "com.apple.product-type.application";
		};
/* End PBXNativeTarget section */

/* Begin PBXProject section */
		3C6E59A724F3A2780017ABBD /* Project object */ = {
			isa = PBXProject;
			attributes = {
				LastSwiftUpdateCheck = 1150;
				LastUpgradeCheck = 1150;
				ORGANIZATIONNAME = "Jin-Hyuck";
				TargetAttributes = {
					3C6E59AE24F3A2780017ABBD = {
						CreatedOnToolsVersion = 11.5;
					};
				};
			};
			buildConfigurationList = 3C6E59AA24F3A2780017ABBD /* Build configuration list for PBXProject "FriendsCollection" */;
			compatibilityVersion = "Xcode 9.3";
			developmentRegion = en;
			hasScannedForEncodings = 0;
			knownRegions = (
				en,
				Base,
			);
			mainGroup = 3C6E59A624F3A2780017ABBD;
			productRefGroup = 3C6E59B024F3A2780017ABBD /* Products */;
			projectDirPath = "";
			projectRoot = "";
			targets = (
				3C6E59AE24F3A2780017ABBD /* FriendsCollection */,
			);
		};
/* End PBXProject section */

/* Begin PBXResourcesBuildPhase section */
		3C6E59AD24F3A2780017ABBD /* Resources */ = {
			isa = PBXResourcesBuildPhase;
			buildActionMask = 2147483647;
			files = (
				3C6E59BF24F3A27A0017ABBD /* LaunchScreen.storyboard in Resources */,
				3C6E59BC24F3A27A0017ABBD /* Assets.xcassets in Resources */,
				3C6E59BA24F3A2780017ABBD /* Main.storyboard in Resources */,
			);
			runOnlyForDeploymentPostprocessing = 0;
		};
/* End PBXResourcesBuildPhase section */

/* Begin PBXSourcesBuildPhase section */
		3C6E59AB24F3A2780017ABBD /* Sources */ = {
			isa = PBXSourcesBuildPhase;
			buildActionMask = 2147483647;
			files = (
				3CCFA3CB24F3AA3C00D86A33 /* FriendCollectionViewCell.swift in Sources */,
				3C6E59B724F3A2780017ABBD /* ViewController.swift in Sources */,
				3CCFA3CD24F3AB1500D86A33 /* Friend.swift in Sources */,
				3C6E59B324F3A2780017ABBD /* AppDelegate.swift in Sources */,
				3C6E59B524F3A2780017ABBD /* SceneDelegate.swift in Sources */,
			);
			runOnlyForDeploymentPostprocessing = 0;
		};
/* End PBXSourcesBuildPhase section */

/* Begin PBXVariantGroup section */
		3C6E59B824F3A2780017ABBD /* Main.storyboard */ = {
			isa = PBXVariantGroup;
			children = (
				3C6E59B924F3A2780017ABBD /* Base */,
			);
			name = Main.storyboard;
			sourceTree = "<group>";
		};
		3C6E59BD24F3A27A0017ABBD /* LaunchScreen.storyboard */ = {
			isa = PBXVariantGroup;
			children = (
				3C6E59BE24F3A27A0017ABBD /* Base */,
			);
			name = LaunchScreen.storyboard;
			sourceTree = "<group>";
		};
/* End PBXVariantGroup section */

/* Begin XCBuildConfiguration section */
		3C6E59C124F3A27A0017ABBD /* Debug */ = {
			isa = XCBuildConfiguration;
			buildSettings = {
				ALWAYS_SEARCH_USER_PATHS = NO;
				CLANG_ANALYZER_NONNULL = YES;
				CLANG_ANALYZER_NUMBER_OBJECT_CONVERSION = YES_AGGRESSIVE;
				CLANG_CXX_LANGUAGE_STANDARD = "gnu++14";
				CLANG_CXX_LIBRARY = "libc++";
				CLANG_ENABLE_MODULES = YES;
				CLANG_ENABLE_OBJC_ARC = YES;
				CLANG_ENABLE_OBJC_WEAK = YES;
				CLANG_WARN_BLOCK_CAPTURE_AUTORELEASING = YES;
				CLANG_WARN_BOOL_CONVERSION = YES;
				CLANG_WARN_COMMA = YES;
				CLANG_WARN_CONSTANT_CONVERSION = YES;
				CLANG_WARN_DEPRECATED_OBJC_IMPLEMENTATIONS = YES;
				CLANG_WARN_DIRECT_OBJC_ISA_USAGE = YES_ERROR;
				CLANG_WARN_DOCUMENTATION_COMMENTS = YES;
				CLANG_WARN_EMPTY_BODY = YES;
				CLANG_WARN_ENUM_CONVERSION = YES;
				CLANG_WARN_INFINITE_RECURSION = YES;
				CLANG_WARN_INT_CONVERSION = YES;
				CLANG_WARN_NON_LITERAL_NULL_CONVERSION = YES;
				CLANG_WARN_OBJC_IMPLICIT_RETAIN_SELF = YES;
				CLANG_WARN_OBJC_LITERAL_CONVERSION = YES;
				CLANG_WARN_OBJC_ROOT_CLASS = YES_ERROR;
				CLANG_WARN_RANGE_LOOP_ANALYSIS = YES;
				CLANG_WARN_STRICT_PROTOTYPES = YES;
				CLANG_WARN_SUSPICIOUS_MOVE = YES;
				CLANG_WARN_UNGUARDED_AVAILABILITY = YES_AGGRESSIVE;
				CLANG_WARN_UNREACHABLE_CODE = YES;
				CLANG_WARN__DUPLICATE_METHOD_MATCH = YES;
				COPY_PHASE_STRIP = NO;
				DEBUG_INFORMATION_FORMAT = dwarf;
				ENABLE_STRICT_OBJC_MSGSEND = YES;
				ENABLE_TESTABILITY = YES;
				GCC_C_LANGUAGE_STANDARD = gnu11;
				GCC_DYNAMIC_NO_PIC = NO;
				GCC_NO_COMMON_BLOCKS = YES;
				GCC_OPTIMIZATION_LEVEL = 0;
				GCC_PREPROCESSOR_DEFINITIONS = (
					"DEBUG=1",
					"$(inherited)",
				);
				GCC_WARN_64_TO_32_BIT_CONVERSION = YES;
				GCC_WARN_ABOUT_RETURN_TYPE = YES_ERROR;
				GCC_WARN_UNDECLARED_SELECTOR = YES;
				GCC_WARN_UNINITIALIZED_AUTOS = YES_AGGRESSIVE;
				GCC_WARN_UNUSED_FUNCTION = YES;
				GCC_WARN_UNUSED_VARIABLE = YES;
				IPHONEOS_DEPLOYMENT_TARGET = 13.5;
				MTL_ENABLE_DEBUG_INFO = INCLUDE_SOURCE;
				MTL_FAST_MATH = YES;
				ONLY_ACTIVE_ARCH = YES;
				SDKROOT = iphoneos;
				SWIFT_ACTIVE_COMPILATION_CONDITIONS = DEBUG;
				SWIFT_OPTIMIZATION_LEVEL = "-Onone";
			};
			name = Debug;
		};
		3C6E59C224F3A27A0017ABBD /* Release */ = {
			isa = XCBuildConfiguration;
			buildSettings = {
				ALWAYS_SEARCH_USER_PATHS = NO;
				CLANG_ANALYZER_NONNULL = YES;
				CLANG_ANALYZER_NUMBER_OBJECT_CONVERSION = YES_AGGRESSIVE;
				CLANG_CXX_LANGUAGE_STANDARD = "gnu++14";
				CLANG_CXX_LIBRARY = "libc++";
				CLANG_ENABLE_MODULES = YES;
				CLANG_ENABLE_OBJC_ARC = YES;
				CLANG_ENABLE_OBJC_WEAK = YES;
				CLANG_WARN_BLOCK_CAPTURE_AUTORELEASING = YES;
				CLANG_WARN_BOOL_CONVERSION = YES;
				CLANG_WARN_COMMA = YES;
				CLANG_WARN_CONSTANT_CONVERSION = YES;
				CLANG_WARN_DEPRECATED_OBJC_IMPLEMENTATIONS = YES;
				CLANG_WARN_DIRECT_OBJC_ISA_USAGE = YES_ERROR;
				CLANG_WARN_DOCUMENTATION_COMMENTS = YES;
				CLANG_WARN_EMPTY_BODY = YES;
				CLANG_WARN_ENUM_CONVERSION = YES;
				CLANG_WARN_INFINITE_RECURSION = YES;
				CLANG_WARN_INT_CONVERSION = YES;
				CLANG_WARN_NON_LITERAL_NULL_CONVERSION = YES;
				CLANG_WARN_OBJC_IMPLICIT_RETAIN_SELF = YES;
				CLANG_WARN_OBJC_LITERAL_CONVERSION = YES;
				CLANG_WARN_OBJC_ROOT_CLASS = YES_ERROR;
				CLANG_WARN_RANGE_LOOP_ANALYSIS = YES;
				CLANG_WARN_STRICT_PROTOTYPES = YES;
				CLANG_WARN_SUSPICIOUS_MOVE = YES;
				CLANG_WARN_UNGUARDED_AVAILABILITY = YES_AGGRESSIVE;
				CLANG_WARN_UNREACHABLE_CODE = YES;
				CLANG_WARN__DUPLICATE_METHOD_MATCH = YES;
				COPY_PHASE_STRIP = NO;
				DEBUG_INFORMATION_FORMAT = "dwarf-with-dsym";
				ENABLE_NS_ASSERTIONS = NO;
				ENABLE_STRICT_OBJC_MSGSEND = YES;
				GCC_C_LANGUAGE_STANDARD = gnu11;
				GCC_NO_COMMON_BLOCKS = YES;
				GCC_WARN_64_TO_32_BIT_CONVERSION = YES;
				GCC_WARN_ABOUT_RETURN_TYPE = YES_ERROR;
				GCC_WARN_UNDECLARED_SELECTOR = YES;
				GCC_WARN_UNINITIALIZED_AUTOS = YES_AGGRESSIVE;
				GCC_WARN_UNUSED_FUNCTION = YES;
				GCC_WARN_UNUSED_VARIABLE = YES;
				IPHONEOS_DEPLOYMENT_TARGET = 13.5;
				MTL_ENABLE_DEBUG_INFO = NO;
				MTL_FAST_MATH = YES;
				SDKROOT = iphoneos;
				SWIFT_COMPILATION_MODE = wholemodule;
				SWIFT_OPTIMIZATION_LEVEL = "-O";
				VALIDATE_PRODUCT = YES;
			};
			name = Release;
		};
		3C6E59C424F3A27A0017ABBD /* Debug */ = {
			isa = XCBuildConfiguration;
			buildSettings = {
				ASSETCATALOG_COMPILER_APPICON_NAME = AppIcon;
				CODE_SIGN_STYLE = Automatic;
				INFOPLIST_FILE = FriendsCollection/Info.plist;
				LD_RUNPATH_SEARCH_PATHS = (
					"$(inherited)",
					"@executable_path/Frameworks",
				);
				PRODUCT_BUNDLE_IDENTIFIER = com.jhstudio.FriendsCollection;
				PRODUCT_NAME = "$(TARGET_NAME)";
				SWIFT_VERSION = 5.0;
				TARGETED_DEVICE_FAMILY = "1,2";
			};
			name = Debug;
		};
		3C6E59C524F3A27A0017ABBD /* Release */ = {
			isa = XCBuildConfiguration;
			buildSettings = {
				ASSETCATALOG_COMPILER_APPICON_NAME = AppIcon;
				CODE_SIGN_STYLE = Automatic;
				INFOPLIST_FILE = FriendsCollection/Info.plist;
				LD_RUNPATH_SEARCH_PATHS = (
					"$(inherited)",
					"@executable_path/Frameworks",
				);
				PRODUCT_BUNDLE_IDENTIFIER = com.jhstudio.FriendsCollection;
				PRODUCT_NAME = "$(TARGET_NAME)";
				SWIFT_VERSION = 5.0;
				TARGETED_DEVICE_FAMILY = "1,2";
			};
			name = Release;
		};
/* End XCBuildConfiguration section */

/* Begin XCConfigurationList section */
		3C6E59AA24F3A2780017ABBD /* Build configuration list for PBXProject "FriendsCollection" */ = {
			isa = XCConfigurationList;
			buildConfigurations = (
				3C6E59C124F3A27A0017ABBD /* Debug */,
				3C6E59C224F3A27A0017ABBD /* Release */,
			);
			defaultConfigurationIsVisible = 0;
			defaultConfigurationName = Release;
		};
		3C6E59C324F3A27A0017ABBD /* Build configuration list for PBXNativeTarget "FriendsCollection" */ = {
			isa = XCConfigurationList;
			buildConfigurations = (
				3C6E59C424F3A27A0017ABBD /* Debug */,
				3C6E59C524F3A27A0017ABBD /* Release */,
			);
			defaultConfigurationIsVisible = 0;
			defaultConfigurationName = Release;
		};
/* End XCConfigurationList section */
	};
	rootObject = 3C6E59A724F3A2780017ABBD /* Project object */;
}
